
Microsoft Visual Studio Solution File, Format Version 12.00
# Visual Studio Version 16
VisualStudioVersion = 16.0.30717.126
MinimumVisualStudioVersion = 10.0.40219.1
Project("{FAE04EC0-301F-11D3-BF4B-00C04F79EFBC}") = "ListDemo", "ListDemo\ListDemo.csproj", "{5ED85AC0-CBE5-4584-A8CA-A7EE387BE2B6}"
EndProject
Global
	GlobalSection(SolutionConfigurationPlatforms) = preSolution
		Debug|Any CPU = Debug|Any CPU
		Release|Any CPU = Release|Any CPU
	EndGlobalSection
	GlobalSection(ProjectConfigurationPlatforms) = postSolution
		{5ED85AC0-CBE5-4584-A8CA-A7EE387BE2B6}.Debug|Any CPU.ActiveCfg = Debug|Any CPU
		{5ED85AC0-CBE5-4584-A8CA-A7EE387BE2B6}.Debug|Any CPU.Build.0 = Debug|Any CPU
		{5ED85AC0-CBE5-4584-A8CA-A7EE387BE2B6}.Release|Any CPU.ActiveCfg = Release|Any CPU
		{5ED85AC0-CBE5-4584-A8CA-A7EE387BE2B6}.Release|Any CPU.Build.0 = Release|Any CPU
	EndGlobalSection
	GlobalSection(SolutionProperties) = preSolution
		HideSolutionNode = FALSE
	EndGlobalSection
	GlobalSection(ExtensibilityGlobals) = postSolution
		SolutionGuid = {F08F45ED-DC0A-4CEC-9E98-C6CAEFF1EC21}
	EndGlobalSection
EndGlobal
